
Microsoft Visual Studio Solution File, Format Version 12.00
# Visual Studio 15
Project("{FAE04EC0-301F-11D3-BF4B-00C04F79EFBC}") = "TstUnity", "TstUnity.csproj", "{83673ACB-292C-4584-9D15-04040227C647}"
EndProject
Global
	GlobalSection(SolutionConfigurationPlatforms) = preSolution
		Debug|Any CPU = Debug|Any CPU
		Release|Any CPU = Release|Any CPU
	EndGlobalSection
	GlobalSection(ProjectConfigurationPlatforms) = postSolution
		{83673ACB-292C-4584-9D15-04040227C647}.Debug|Any CPU.ActiveCfg = Debug|Any CPU
		{83673ACB-292C-4584-9D15-04040227C647}.Debug|Any CPU.Build.0 = Debug|Any CPU
		{83673ACB-292C-4584-9D15-04040227C647}.Release|Any CPU.ActiveCfg = Release|Any CPU
		{83673ACB-292C-4584-9D15-04040227C647}.Release|Any CPU.Build.0 = Release|Any CPU
	EndGlobalSection
EndGlobal
